<?xml version="1.0" encoding="utf-8"?>
<Project ToolsVersion="4.0" xmlns="http://schemas.microsoft.com/developer/msbuild/2003">
  <ItemGroup>
    <ClCompile Include="Source\audio.cpp" />
    <ClCompile Include="Source\Hero.cpp" />
    <ClCompile Include="Source\game.cpp" />
    <ClCompile Include="Source\gameDoc.cpp" />
    <ClCompile Include="Source\gameView.cpp" />
    <ClCompile Include="Source\MainFrm.cpp" />
    <ClCompile Include="Source\map.cpp" />
    <ClCompile Include="Source\monster.cpp" />
    <ClCompile Include="Source\StdAfx.cpp" />
    <ClCompile Include="Source\gamelib.cpp" />
    <ClCompile Include="Source\mygame.cpp" />
  </ItemGroup>
  <ItemGroup>
    <ClInclude Include="Source\audio.h" />
    <ClInclude Include="Source\hero.h" />
    <ClInclude Include="Source\game.h" />
    <ClInclude Include="Source\gameDoc.h" />
    <ClInclude Include="Source\gameView.h" />
    <ClInclude Include="Source\MainFrm.h" />
    <ClInclude Include="Source\map.h" />
    <ClInclude Include="Source\monster.h" />
    <ClInclude Include="Source\Resource.h" />
    <ClInclude Include="Source\StdAfx.h" />
    <ClInclude Include="Source\gamelib.h" />
    <ClInclude Include="Source\mygame.h" />
  </ItemGroup>
  <ItemGroup>
    <ResourceCompile Include="Source\game.rc" />
  </ItemGroup>
  <ItemGroup>
    <Image Include="RES\bg1.bmp" />
    <Image Include="res\bitmap3.bmp" />
    <Image Include="res\frog_down.bmp" />
    <Image Include="RES\frog_go_left.bmp" />
    <Image Include="RES\frog_go_right.bmp" />
    <Image Include="res\frog_stand.bmp" />
    <Image Include="res\frog_stand_right.bmp" />
    <Image Include="RES\frog_stand_left.bmp" />
    <Image Include="RES\frog_go_left2.bmp" />
    <Image Include="RES\frog_go_left1.bmp" />
    <Image Include="RES\frog_go_right1.bmp" />
    <Image Include="RES\frog_go_right2.bmp" />
    <Image Include="RES\frog_jump_left.bmp" />
    <Image Include="res\bitmap1.bmp" />
    <Image Include="RES\frog_jump_right.bmp" />
    <Image Include="..\res\frog_jump_left.bmp" />
  </ItemGroup>
  <ItemGroup>
    <None Include="RES\continue.bmp" />
    <None Include="res\game.ico" />
    <None Include="res\game.rc2" />
    <None Include="RES\gamecurs.cur" />
    <None Include="res\gameDoc.ico" />
    <None Include="RES\loading.bmp" />
    <None Include="res\Toolbar.bmp" />
  </ItemGroup>
</Project>