<?xml version="1.0" encoding="utf-8"?>
<Project ToolsVersion="4.0" xmlns="http://schemas.microsoft.com/developer/msbuild/2003">
  <ItemGroup>
    <ClCompile Include="Source\audio.cpp">
      <Filter>Sounds</Filter>
    </ClCompile>
    <ClCompile Include="Source\mygame.cpp">
      <Filter>MapleStory</Filter>
    </ClCompile>
    <ClCompile Include="Source\monster.cpp">
      <Filter>MapleStory</Filter>
    </ClCompile>
    <ClCompile Include="Source\map.cpp">
      <Filter>MapleStory</Filter>
    </ClCompile>
    <ClCompile Include="Source\game.cpp">
      <Filter>Systems</Filter>
    </ClCompile>
    <ClCompile Include="Source\gameDoc.cpp">
      <Filter>Systems</Filter>
    </ClCompile>
    <ClCompile Include="Source\gamelib.cpp">
      <Filter>Systems</Filter>
    </ClCompile>
    <ClCompile Include="Source\gameView.cpp">
      <Filter>Systems</Filter>
    </ClCompile>
    <ClCompile Include="Source\MainFrm.cpp">
      <Filter>Systems</Filter>
    </ClCompile>
    <ClCompile Include="Source\StdAfx.cpp">
      <Filter>Systems</Filter>
    </ClCompile>
    <ClCompile Include="Source\position.cpp">
      <Filter>MapleStory</Filter>
    </ClCompile>
    <ClCompile Include="Source\hero.cpp">
      <Filter>MapleStory</Filter>
    </ClCompile>
    <ClCompile Include="Source\floor.cpp">
      <Filter>MapleStory</Filter>
    </ClCompile>
    <ClCompile Include="Source\character.cpp">
      <Filter>MapleStory</Filter>
    </ClCompile>
  </ItemGroup>
  <ItemGroup>
    <ClInclude Include="Source\audio.h">
      <Filter>Sounds</Filter>
    </ClInclude>
    <ClInclude Include="Source\mygame.h">
      <Filter>MapleStory</Filter>
    </ClInclude>
    <ClInclude Include="Source\monster.h">
      <Filter>MapleStory</Filter>
    </ClInclude>
    <ClInclude Include="Source\map.h">
      <Filter>MapleStory</Filter>
    </ClInclude>
    <ClInclude Include="Source\hero.h">
      <Filter>MapleStory</Filter>
    </ClInclude>
    <ClInclude Include="Source\character.h">
      <Filter>MapleStory</Filter>
    </ClInclude>
    <ClInclude Include="Source\game.h">
      <Filter>Systems</Filter>
    </ClInclude>
    <ClInclude Include="Source\gameDoc.h">
      <Filter>Systems</Filter>
    </ClInclude>
    <ClInclude Include="Source\gamelib.h">
      <Filter>Systems</Filter>
    </ClInclude>
    <ClInclude Include="Source\gameView.h">
      <Filter>Systems</Filter>
    </ClInclude>
    <ClInclude Include="Source\MainFrm.h">
      <Filter>Systems</Filter>
    </ClInclude>
    <ClInclude Include="Source\Resource.h">
      <Filter>Systems</Filter>
    </ClInclude>
    <ClInclude Include="Source\StdAfx.h">
      <Filter>Systems</Filter>
    </ClInclude>
    <ClInclude Include="Source\position.h">
      <Filter>MapleStory</Filter>
    </ClInclude>
    <ClInclude Include="Source\initialize.h">
      <Filter>MapleStory</Filter>
    </ClInclude>
    <ClInclude Include="Source\floor.h">
      <Filter>MapleStory</Filter>
    </ClInclude>
  </ItemGroup>
  <ItemGroup>
    <Image Include="RES\bg1.bmp">
      <Filter>Resouces</Filter>
    </Image>
    <Image Include="res\frog_down.bmp">
      <Filter>Resouces</Filter>
    </Image>
    <Image Include="RES\frog_go_left.bmp">
      <Filter>Resouces</Filter>
    </Image>
    <Image Include="RES\frog_go_left1.bmp">
      <Filter>Resouces</Filter>
    </Image>
    <Image Include="RES\frog_go_left2.bmp">
      <Filter>Resouces</Filter>
    </Image>
    <Image Include="RES\frog_go_right.bmp">
      <Filter>Resouces</Filter>
    </Image>
    <Image Include="RES\frog_go_right1.bmp">
      <Filter>Resouces</Filter>
    </Image>
    <Image Include="RES\frog_jump_left.bmp">
      <Filter>Resouces</Filter>
    </Image>
    <Image Include="RES\frog_go_right2.bmp">
      <Filter>Resouces</Filter>
    </Image>
    <Image Include="..\res\frog_jump_left.bmp">
      <Filter>Resouces</Filter>
    </Image>
    <Image Include="RES\frog_jump_right.bmp">
      <Filter>Resouces</Filter>
    </Image>
    <Image Include="res\frog_stand.bmp">
      <Filter>Resouces</Filter>
    </Image>
    <Image Include="RES\frog_stand_left.bmp">
      <Filter>Resouces</Filter>
    </Image>
    <Image Include="res\frog_stand_right.bmp">
      <Filter>Resouces</Filter>
    </Image>
    <Image Include="RES\monster_stand_left.bmp">
      <Filter>Resouces</Filter>
    </Image>
    <Image Include="RES\monster_stand_right.bmp">
      <Filter>Resouces</Filter>
    </Image>
    <Image Include="RES\start2.bmp">
      <Filter>Resouces</Filter>
    </Image>
    <Image Include="RES\exit1.bmp">
      <Filter>Resouces</Filter>
    </Image>
    <Image Include="RES\exit2.bmp">
      <Filter>Resouces</Filter>
    </Image>
    <Image Include="RES\start1.bmp">
      <Filter>Resouces</Filter>
    </Image>
    <Image Include="res\logo.bmp">
      <Filter>Resouces</Filter>
    </Image>
    <Image Include="RES\frog_attack_left1.bmp">
      <Filter>Resouces</Filter>
    </Image>
    <Image Include="RES\frog_attack_left2.bmp">
      <Filter>Resouces</Filter>
    </Image>
    <Image Include="RES\frog_attack_left3.bmp">
      <Filter>Resouces</Filter>
    </Image>
    <Image Include="RES\frog_attack_left4.bmp">
      <Filter>Resouces</Filter>
    </Image>
    <Image Include="RES\frog_attack_left5.bmp">
      <Filter>Resouces</Filter>
    </Image>
    <Image Include="RES\frog_attack_left6.bmp">
      <Filter>Resouces</Filter>
    </Image>
    <Image Include="RES\frog_attack_right1.bmp">
      <Filter>Resouces</Filter>
    </Image>
    <Image Include="RES\frog_attack_right2.bmp">
      <Filter>Resouces</Filter>
    </Image>
    <Image Include="RES\frog_attack_right3.bmp">
      <Filter>Resouces</Filter>
    </Image>
    <Image Include="RES\frog_attack_right4.bmp">
      <Filter>Resouces</Filter>
    </Image>
    <Image Include="RES\frog_attack_right5.bmp">
      <Filter>Resouces</Filter>
    </Image>
    <Image Include="RES\frog_attack_right6.bmp">
      <Filter>Resouces</Filter>
    </Image>
    <Image Include="res\frog_down_right.bmp">
      <Filter>Resouces</Filter>
    </Image>
    <Image Include="RES\frog_down_left.bmp">
      <Filter>Resouces</Filter>
    </Image>
    <Image Include="RES\HP_bar\HP_0.bmp">
      <Filter>Resouces</Filter>
    </Image>
    <Image Include="RES\HP_bar\HP_10.bmp">
      <Filter>Resouces</Filter>
    </Image>
    <Image Include="RES\HP_bar\HP_20.bmp">
      <Filter>Resouces</Filter>
    </Image>
    <Image Include="RES\HP_bar\HP_30.bmp">
      <Filter>Resouces</Filter>
    </Image>
    <Image Include="RES\HP_bar\HP_40.bmp">
      <Filter>Resouces</Filter>
    </Image>
    <Image Include="RES\HP_bar\HP_50.bmp">
      <Filter>Resouces</Filter>
    </Image>
    <Image Include="RES\HP_bar\HP_60.bmp">
      <Filter>Resouces</Filter>
    </Image>
    <Image Include="RES\HP_bar\HP_70.bmp">
      <Filter>Resouces</Filter>
    </Image>
    <Image Include="RES\HP_bar\HP_80.bmp">
      <Filter>Resouces</Filter>
    </Image>
    <Image Include="RES\HP_bar\HP_90.bmp">
      <Filter>Resouces</Filter>
    </Image>
    <Image Include="RES\HP_bar\HP_100.bmp">
      <Filter>Resouces</Filter>
    </Image>
  </ItemGroup>
  <ItemGroup>
    <None Include="RES\continue.bmp">
      <Filter>Resouces</Filter>
    </None>
    <None Include="res\game.ico">
      <Filter>Resouces</Filter>
    </None>
    <None Include="RES\gamecurs.cur">
      <Filter>Resouces</Filter>
    </None>
    <None Include="RES\loading.bmp">
      <Filter>Resouces</Filter>
    </None>
    <None Include="res\Toolbar.bmp">
      <Filter>Resouces</Filter>
    </None>
    <None Include="res\game.rc2">
      <Filter>Systems</Filter>
    </None>
    <None Include="res\gameDoc.ico">
      <Filter>Systems</Filter>
    </None>
  </ItemGroup>
  <ItemGroup>
    <Filter Include="MapleStory">
      <UniqueIdentifier>{5e4a679d-577d-4937-b941-782dce164794}</UniqueIdentifier>
    </Filter>
    <Filter Include="Resouces">
      <UniqueIdentifier>{2f59e943-3d93-4c3d-92dc-161730f599aa}</UniqueIdentifier>
    </Filter>
    <Filter Include="Systems">
      <UniqueIdentifier>{f93cc429-ad7e-4e0d-8d37-0c1e89ccd46c}</UniqueIdentifier>
    </Filter>
    <Filter Include="Sounds">
      <UniqueIdentifier>{291bc8af-c1dc-4a38-a2a4-c18e683de1e8}</UniqueIdentifier>
    </Filter>
  </ItemGroup>
  <ItemGroup>
    <ResourceCompile Include="Source\game.rc">
      <Filter>Systems</Filter>
    </ResourceCompile>
  </ItemGroup>
  <ItemGroup>
    <Media Include="Sounds\bgm_menu.mp3">
      <Filter>Sounds</Filter>
    </Media>
    <Media Include="Sounds\bgm_stage1.mp3">
      <Filter>Sounds</Filter>
    </Media>
  </ItemGroup>
</Project>