<?xml version="1.0" encoding="utf-8"?>
<Project ToolsVersion="4.0" xmlns="http://schemas.microsoft.com/developer/msbuild/2003">
  <ItemGroup>
    <ClCompile Include="Source\audio.cpp">
      <Filter>Sounds</Filter>
    </ClCompile>
    <ClCompile Include="Source\mygame.cpp">
      <Filter>MapleStory</Filter>
    </ClCompile>
    <ClCompile Include="Source\monster.cpp">
      <Filter>MapleStory</Filter>
    </ClCompile>
    <ClCompile Include="Source\map.cpp">
      <Filter>MapleStory</Filter>
    </ClCompile>
    <ClCompile Include="Source\game.cpp">
      <Filter>Systems</Filter>
    </ClCompile>
    <ClCompile Include="Source\gameDoc.cpp">
      <Filter>Systems</Filter>
    </ClCompile>
    <ClCompile Include="Source\gamelib.cpp">
      <Filter>Systems</Filter>
    </ClCompile>
    <ClCompile Include="Source\gameView.cpp">
      <Filter>Systems</Filter>
    </ClCompile>
    <ClCompile Include="Source\MainFrm.cpp">
      <Filter>Systems</Filter>
    </ClCompile>
    <ClCompile Include="Source\StdAfx.cpp">
      <Filter>Systems</Filter>
    </ClCompile>
    <ClCompile Include="Source\position.cpp">
      <Filter>MapleStory</Filter>
    </ClCompile>
    <ClCompile Include="Source\hero.cpp">
      <Filter>MapleStory</Filter>
    </ClCompile>
    <ClCompile Include="Source\floor.cpp">
      <Filter>MapleStory</Filter>
    </ClCompile>
    <ClCompile Include="Source\character.cpp">
      <Filter>MapleStory</Filter>
    </ClCompile>
    <ClCompile Include="Source\boss.cpp">
      <Filter>MapleStory</Filter>
    </ClCompile>
    <ClCompile Include="Source\counter.cpp">
      <Filter>MapleStory</Filter>
    </ClCompile>
  </ItemGroup>
  <ItemGroup>
    <ClInclude Include="Source\audio.h">
      <Filter>Sounds</Filter>
    </ClInclude>
    <ClInclude Include="Source\mygame.h">
      <Filter>MapleStory</Filter>
    </ClInclude>
    <ClInclude Include="Source\monster.h">
      <Filter>MapleStory</Filter>
    </ClInclude>
    <ClInclude Include="Source\map.h">
      <Filter>MapleStory</Filter>
    </ClInclude>
    <ClInclude Include="Source\hero.h">
      <Filter>MapleStory</Filter>
    </ClInclude>
    <ClInclude Include="Source\character.h">
      <Filter>MapleStory</Filter>
    </ClInclude>
    <ClInclude Include="Source\game.h">
      <Filter>Systems</Filter>
    </ClInclude>
    <ClInclude Include="Source\gameDoc.h">
      <Filter>Systems</Filter>
    </ClInclude>
    <ClInclude Include="Source\gamelib.h">
      <Filter>Systems</Filter>
    </ClInclude>
    <ClInclude Include="Source\gameView.h">
      <Filter>Systems</Filter>
    </ClInclude>
    <ClInclude Include="Source\MainFrm.h">
      <Filter>Systems</Filter>
    </ClInclude>
    <ClInclude Include="Source\Resource.h">
      <Filter>Systems</Filter>
    </ClInclude>
    <ClInclude Include="Source\StdAfx.h">
      <Filter>Systems</Filter>
    </ClInclude>
    <ClInclude Include="Source\position.h">
      <Filter>MapleStory</Filter>
    </ClInclude>
    <ClInclude Include="Source\initialize.h">
      <Filter>MapleStory</Filter>
    </ClInclude>
    <ClInclude Include="Source\floor.h">
      <Filter>MapleStory</Filter>
    </ClInclude>
    <ClInclude Include="Source\boss.h">
      <Filter>MapleStory</Filter>
    </ClInclude>
    <ClInclude Include="Source\counter.h">
      <Filter>MapleStory</Filter>
    </ClInclude>
  </ItemGroup>
  <ItemGroup>
    <Image Include="RES\bg1.bmp">
      <Filter>Resouces</Filter>
    </Image>
    <Image Include="res\frog_down.bmp">
      <Filter>Resouces</Filter>
    </Image>
    <Image Include="RES\frog_go_left.bmp">
      <Filter>Resouces</Filter>
    </Image>
    <Image Include="RES\frog_go_left1.bmp">
      <Filter>Resouces</Filter>
    </Image>
    <Image Include="RES\frog_go_left2.bmp">
      <Filter>Resouces</Filter>
    </Image>
    <Image Include="RES\frog_go_right.bmp">
      <Filter>Resouces</Filter>
    </Image>
    <Image Include="RES\frog_go_right1.bmp">
      <Filter>Resouces</Filter>
    </Image>
    <Image Include="RES\frog_jump_left.bmp">
      <Filter>Resouces</Filter>
    </Image>
    <Image Include="RES\frog_go_right2.bmp">
      <Filter>Resouces</Filter>
    </Image>
    <Image Include="..\res\frog_jump_left.bmp">
      <Filter>Resouces</Filter>
    </Image>
    <Image Include="RES\frog_jump_right.bmp">
      <Filter>Resouces</Filter>
    </Image>
    <Image Include="res\frog_stand.bmp">
      <Filter>Resouces</Filter>
    </Image>
    <Image Include="RES\frog_stand_left.bmp">
      <Filter>Resouces</Filter>
    </Image>
    <Image Include="res\frog_stand_right.bmp">
      <Filter>Resouces</Filter>
    </Image>
    <Image Include="RES\monster_stand_left.bmp">
      <Filter>Resouces</Filter>
    </Image>
    <Image Include="RES\monster_stand_right.bmp">
      <Filter>Resouces</Filter>
    </Image>
    <Image Include="RES\start2.bmp">
      <Filter>Resouces</Filter>
    </Image>
    <Image Include="RES\exit1.bmp">
      <Filter>Resouces</Filter>
    </Image>
    <Image Include="RES\exit2.bmp">
      <Filter>Resouces</Filter>
    </Image>
    <Image Include="RES\start1.bmp">
      <Filter>Resouces</Filter>
    </Image>
    <Image Include="res\logo.bmp">
      <Filter>Resouces</Filter>
    </Image>
    <Image Include="RES\frog_attack_left1.bmp">
      <Filter>Resouces</Filter>
    </Image>
    <Image Include="RES\frog_attack_left2.bmp">
      <Filter>Resouces</Filter>
    </Image>
    <Image Include="RES\frog_attack_left3.bmp">
      <Filter>Resouces</Filter>
    </Image>
    <Image Include="RES\frog_attack_left4.bmp">
      <Filter>Resouces</Filter>
    </Image>
    <Image Include="RES\frog_attack_left5.bmp">
      <Filter>Resouces</Filter>
    </Image>
    <Image Include="RES\frog_attack_left6.bmp">
      <Filter>Resouces</Filter>
    </Image>
    <Image Include="RES\frog_attack_right1.bmp">
      <Filter>Resouces</Filter>
    </Image>
    <Image Include="RES\frog_attack_right2.bmp">
      <Filter>Resouces</Filter>
    </Image>
    <Image Include="RES\frog_attack_right3.bmp">
      <Filter>Resouces</Filter>
    </Image>
    <Image Include="RES\frog_attack_right4.bmp">
      <Filter>Resouces</Filter>
    </Image>
    <Image Include="RES\frog_attack_right5.bmp">
      <Filter>Resouces</Filter>
    </Image>
    <Image Include="RES\frog_attack_right6.bmp">
      <Filter>Resouces</Filter>
    </Image>
    <Image Include="res\frog_down_right.bmp">
      <Filter>Resouces</Filter>
    </Image>
    <Image Include="RES\frog_down_left.bmp">
      <Filter>Resouces</Filter>
    </Image>
    <Image Include="RES\HP_bar\HP_0.bmp">
      <Filter>Resouces</Filter>
    </Image>
    <Image Include="RES\HP_bar\HP_10.bmp">
      <Filter>Resouces</Filter>
    </Image>
    <Image Include="RES\HP_bar\HP_20.bmp">
      <Filter>Resouces</Filter>
    </Image>
    <Image Include="RES\HP_bar\HP_30.bmp">
      <Filter>Resouces</Filter>
    </Image>
    <Image Include="RES\HP_bar\HP_40.bmp">
      <Filter>Resouces</Filter>
    </Image>
    <Image Include="RES\HP_bar\HP_50.bmp">
      <Filter>Resouces</Filter>
    </Image>
    <Image Include="RES\HP_bar\HP_60.bmp">
      <Filter>Resouces</Filter>
    </Image>
    <Image Include="RES\HP_bar\HP_70.bmp">
      <Filter>Resouces</Filter>
    </Image>
    <Image Include="RES\HP_bar\HP_80.bmp">
      <Filter>Resouces</Filter>
    </Image>
    <Image Include="RES\HP_bar\HP_90.bmp">
      <Filter>Resouces</Filter>
    </Image>
    <Image Include="RES\HP_bar\HP_100.bmp">
      <Filter>Resouces</Filter>
    </Image>
    <Image Include="RES\GameOver\GAME_OVER_1.bmp">
      <Filter>Resouces</Filter>
    </Image>
    <Image Include="RES\GameOver\GAME_OVER_2.bmp">
      <Filter>Resouces</Filter>
    </Image>
    <Image Include="RES\GameOver\GAME_OVER_3.bmp">
      <Filter>Resouces</Filter>
    </Image>
    <Image Include="RES\GameOver\GAME_OVER_4.bmp">
      <Filter>Resouces</Filter>
    </Image>
    <Image Include="RES\GameOver\GAME_OVER_5.bmp">
      <Filter>Resouces</Filter>
    </Image>
    <Image Include="RES\GameOver\GAME_OVER_6.bmp">
      <Filter>Resouces</Filter>
    </Image>
    <Image Include="RES\GameOver\GAME_OVER_7.bmp">
      <Filter>Resouces</Filter>
    </Image>
    <Image Include="RES\GameOver\GAME_OVER_8.bmp">
      <Filter>Resouces</Filter>
    </Image>
    <Image Include="RES\GameOver\GAME_OVER_9.bmp">
      <Filter>Resouces</Filter>
    </Image>
    <Image Include="RES\GameOver\GAME_OVER_10.bmp">
      <Filter>Resouces</Filter>
    </Image>
    <Image Include="RES\GameOver\GAME_OVER_11.bmp">
      <Filter>Resouces</Filter>
    </Image>
    <Image Include="RES\GameOver\GAME_OVER_12.bmp">
      <Filter>Resouces</Filter>
    </Image>
    <Image Include="RES\GameOver\GAME_OVER_13.bmp">
      <Filter>Resouces</Filter>
    </Image>
    <Image Include="RES\GameOver\GAME_OVER_14.bmp">
      <Filter>Resouces</Filter>
    </Image>
    <Image Include="RES\GameOver\GAME_OVER_0.bmp">
      <Filter>Resouces</Filter>
    </Image>
    <Image Include="RES\monster_attack_left1.bmp">
      <Filter>Resouces</Filter>
    </Image>
    <Image Include="RES\monster_attack_left2.bmp">
      <Filter>Resouces</Filter>
    </Image>
    <Image Include="RES\monster_attack_left3.bmp">
      <Filter>Resouces</Filter>
    </Image>
    <Image Include="RES\monster_attack_right1.bmp">
      <Filter>Resouces</Filter>
    </Image>
    <Image Include="RES\monster_attack_right2.bmp">
      <Filter>Resouces</Filter>
    </Image>
    <Image Include="RES\monster_attack_right3.bmp">
      <Filter>Resouces</Filter>
    </Image>
    <Image Include="RES\bg2.bmp">
      <Filter>Resouces</Filter>
    </Image>
    <Image Include="RES\bg3.bmp">
      <Filter>Resouces</Filter>
    </Image>
    <Image Include="RES\Portal\Portal_Blue_1.bmp">
      <Filter>Resouces</Filter>
    </Image>
    <Image Include="RES\Portal\Portal_Blue_2.bmp">
      <Filter>Resouces</Filter>
    </Image>
    <Image Include="RES\Portal\Portal_Purple_1.bmp">
      <Filter>Resouces</Filter>
    </Image>
    <Image Include="RES\Portal\Portal_Purple_2.bmp">
      <Filter>Resouces</Filter>
    </Image>
    <Image Include="RES\Skill\slash_01.bmp">
      <Filter>Resouces</Filter>
    </Image>
    <Image Include="RES\Skill\slash_02.bmp">
      <Filter>Resouces</Filter>
    </Image>
    <Image Include="RES\Skill\slash_03.bmp">
      <Filter>Resouces</Filter>
    </Image>
    <Image Include="RES\Skill\slash_04.bmp">
      <Filter>Resouces</Filter>
    </Image>
    <Image Include="RES\Skill\slash_05.bmp">
      <Filter>Resouces</Filter>
    </Image>
    <Image Include="RES\Skill\slash_06.bmp">
      <Filter>Resouces</Filter>
    </Image>
    <Image Include="RES\Skill\slash_07.bmp">
      <Filter>Resouces</Filter>
    </Image>
    <Image Include="RES\Skill\slash_08.bmp">
      <Filter>Resouces</Filter>
    </Image>
    <Image Include="RES\Skill\slash_09.bmp">
      <Filter>Resouces</Filter>
    </Image>
    <Image Include="RES\Skill\slash_10.bmp">
      <Filter>Resouces</Filter>
    </Image>
    <Image Include="RES\Skill\slash_11.bmp">
      <Filter>Resouces</Filter>
    </Image>
    <Image Include="RES\Skill\slash_12.bmp">
      <Filter>Resouces</Filter>
    </Image>
    <Image Include="RES\Skill\slash_13.bmp">
      <Filter>Resouces</Filter>
    </Image>
    <Image Include="RES\Levelup\lv_up_01.bmp">
      <Filter>Resouces</Filter>
    </Image>
    <Image Include="RES\Levelup\lv_up_02.bmp">
      <Filter>Resouces</Filter>
    </Image>
    <Image Include="RES\Levelup\lv_up_03.bmp">
      <Filter>Resouces</Filter>
    </Image>
    <Image Include="RES\Levelup\lv_up_04.bmp">
      <Filter>Resouces</Filter>
    </Image>
    <Image Include="RES\Levelup\lv_up_05.bmp">
      <Filter>Resouces</Filter>
    </Image>
    <Image Include="RES\Levelup\lv_up_06.bmp">
      <Filter>Resouces</Filter>
    </Image>
    <Image Include="RES\Levelup\lv_up_07.bmp">
      <Filter>Resouces</Filter>
    </Image>
    <Image Include="RES\Levelup\lv_up_08.bmp">
      <Filter>Resouces</Filter>
    </Image>
    <Image Include="RES\Levelup\lv_up_09.bmp">
      <Filter>Resouces</Filter>
    </Image>
    <Image Include="RES\Levelup\lv_up_10.bmp">
      <Filter>Resouces</Filter>
    </Image>
    <Image Include="RES\Levelup\lv_up_11.bmp">
      <Filter>Resouces</Filter>
    </Image>
    <Image Include="RES\Levelup\lv_up_12.bmp">
      <Filter>Resouces</Filter>
    </Image>
    <Image Include="RES\Levelup\lv_up_13.bmp">
      <Filter>Resouces</Filter>
    </Image>
    <Image Include="RES\Levelup\lv_up_14.bmp">
      <Filter>Resouces</Filter>
    </Image>
    <Image Include="RES\Levelup\lv_up_15.bmp">
      <Filter>Resouces</Filter>
    </Image>
    <Image Include="RES\Levelup\lv_up_16.bmp">
      <Filter>Resouces</Filter>
    </Image>
    <Image Include="RES\Levelup\lv_up_17.bmp">
      <Filter>Resouces</Filter>
    </Image>
    <Image Include="RES\Levelup\lv_up_18.bmp">
      <Filter>Resouces</Filter>
    </Image>
    <Image Include="RES\Levelup\lv_up_19.bmp">
      <Filter>Resouces</Filter>
    </Image>
    <Image Include="RES\Levelup\lv_up_20.bmp">
      <Filter>Resouces</Filter>
    </Image>
    <Image Include="RES\Number\0.bmp">
      <Filter>Resouces</Filter>
    </Image>
    <Image Include="RES\Number\1.bmp">
      <Filter>Resouces</Filter>
    </Image>
    <Image Include="RES\Number\2.bmp">
      <Filter>Resouces</Filter>
    </Image>
    <Image Include="RES\Number\3.bmp">
      <Filter>Resouces</Filter>
    </Image>
    <Image Include="RES\Number\4.bmp">
      <Filter>Resouces</Filter>
    </Image>
    <Image Include="RES\Number\5.bmp">
      <Filter>Resouces</Filter>
    </Image>
    <Image Include="RES\Number\6.bmp">
      <Filter>Resouces</Filter>
    </Image>
    <Image Include="RES\Number\7.bmp">
      <Filter>Resouces</Filter>
    </Image>
    <Image Include="RES\Number\8.bmp">
      <Filter>Resouces</Filter>
    </Image>
    <Image Include="RES\Number\9.bmp">
      <Filter>Resouces</Filter>
    </Image>
    <Image Include="RES\Number\Attack.bmp">
      <Filter>Resouces</Filter>
    </Image>
    <Image Include="RES\Number\HP.bmp">
      <Filter>Resouces</Filter>
    </Image>
    <Image Include="RES\Number\Level.bmp">
      <Filter>Resouces</Filter>
    </Image>
    <Image Include="RES\Guner\Guner_Left.bmp">
      <Filter>Resouces</Filter>
    </Image>
    <Image Include="RES\Guner\Guner_Left_Attack01.bmp">
      <Filter>Resouces</Filter>
    </Image>
    <Image Include="RES\Guner\Guner_Left_Attack02.bmp">
      <Filter>Resouces</Filter>
    </Image>
    <Image Include="RES\Guner\Guner_Left_Attack03.bmp">
      <Filter>Resouces</Filter>
    </Image>
    <Image Include="RES\Guner\Guner_Right.bmp">
      <Filter>Resouces</Filter>
    </Image>
    <Image Include="RES\Guner\Guner_Right_Attack01.bmp">
      <Filter>Resouces</Filter>
    </Image>
    <Image Include="RES\Guner\Guner_Right_Attack02.bmp">
      <Filter>Resouces</Filter>
    </Image>
    <Image Include="RES\Guner\Guner_Right_Attack03.bmp">
      <Filter>Resouces</Filter>
    </Image>
    <Image Include="RES\Icon\Heal_CD_0.bmp">
      <Filter>Resouces</Filter>
    </Image>
    <Image Include="RES\Icon\Heal_CD_1.bmp">
      <Filter>Resouces</Filter>
    </Image>
    <Image Include="RES\Icon\Heal_CD_2.bmp">
      <Filter>Resouces</Filter>
    </Image>
    <Image Include="RES\Icon\Heal_CD_3.bmp">
      <Filter>Resouces</Filter>
    </Image>
    <Image Include="RES\Icon\Heal_CD_4.bmp">
      <Filter>Resouces</Filter>
    </Image>
    <Image Include="RES\Icon\Heal_CD_5.bmp">
      <Filter>Resouces</Filter>
    </Image>
    <Image Include="RES\Icon\Heal_CD_6.bmp">
      <Filter>Resouces</Filter>
    </Image>
    <Image Include="RES\Icon\Heal_CD_7.bmp">
      <Filter>Resouces</Filter>
    </Image>
    <Image Include="RES\Icon\Slash_CD_0.bmp">
      <Filter>Resouces</Filter>
    </Image>
    <Image Include="RES\Icon\Slash_CD_1.bmp">
      <Filter>Resouces</Filter>
    </Image>
    <Image Include="RES\Icon\Slash_CD_2.bmp">
      <Filter>Resouces</Filter>
    </Image>
    <Image Include="RES\Icon\Slash_CD_3.bmp">
      <Filter>Resouces</Filter>
    </Image>
    <Image Include="RES\Icon\Slash_CD_4.bmp">
      <Filter>Resouces</Filter>
    </Image>
    <Image Include="RES\Icon\Slash_CD_5.bmp">
      <Filter>Resouces</Filter>
    </Image>
    <Image Include="RES\Icon\Slash_CD_6.bmp">
      <Filter>Resouces</Filter>
    </Image>
    <Image Include="RES\Icon\Slash_CD_7.bmp">
      <Filter>Resouces</Filter>
    </Image>
    <Image Include="RES\Icon\Heal_CD_8.bmp">
      <Filter>Resouces</Filter>
    </Image>
    <Image Include="RES\Icon\Slash_CD_8.bmp">
      <Filter>Resouces</Filter>
    </Image>
    <Image Include="RES\bg4.bmp">
      <Filter>Resouces</Filter>
    </Image>
    <Image Include="RES\bg_boss.bmp">
      <Filter>Resouces</Filter>
    </Image>
    <Image Include="RES\Mage\Mage_Left.bmp">
      <Filter>Resouces</Filter>
    </Image>
    <Image Include="RES\Mage\Mage_Left_Attack01.bmp">
      <Filter>Resouces</Filter>
    </Image>
    <Image Include="RES\Mage\Mage_Left_Attack02.bmp">
      <Filter>Resouces</Filter>
    </Image>
    <Image Include="RES\Mage\Mage_Left_Attack03.bmp">
      <Filter>Resouces</Filter>
    </Image>
    <Image Include="RES\Mage\Mage_Left_Attack04.bmp">
      <Filter>Resouces</Filter>
    </Image>
    <Image Include="RES\Mage\Mage_Left_Attack05.bmp">
      <Filter>Resouces</Filter>
    </Image>
    <Image Include="RES\Mage\Mage_Left_Attack06.bmp">
      <Filter>Resouces</Filter>
    </Image>
    <Image Include="RES\Mage\Mage_Left_Attack07.bmp">
      <Filter>Resouces</Filter>
    </Image>
    <Image Include="RES\Mage\Mage_Left_Attack08.bmp">
      <Filter>Resouces</Filter>
    </Image>
    <Image Include="RES\Mage\Mage_Right.bmp">
      <Filter>Resouces</Filter>
    </Image>
    <Image Include="RES\Mage\Mage_Right_Attack01.bmp">
      <Filter>Resouces</Filter>
    </Image>
    <Image Include="RES\Mage\Mage_Right_Attack02.bmp">
      <Filter>Resouces</Filter>
    </Image>
    <Image Include="RES\Mage\Mage_Right_Attack03.bmp">
      <Filter>Resouces</Filter>
    </Image>
    <Image Include="RES\Mage\Mage_Right_Attack04.bmp">
      <Filter>Resouces</Filter>
    </Image>
    <Image Include="RES\Mage\Mage_Right_Attack05.bmp">
      <Filter>Resouces</Filter>
    </Image>
    <Image Include="RES\Mage\Mage_Right_Attack06.bmp">
      <Filter>Resouces</Filter>
    </Image>
    <Image Include="RES\Mage\Mage_Right_Attack07.bmp">
      <Filter>Resouces</Filter>
    </Image>
    <Image Include="RES\Mage\Mage_Right_Attack08.bmp">
      <Filter>Resouces</Filter>
    </Image>
    <Image Include="RES\Mage\Poison_01.bmp">
      <Filter>Resouces</Filter>
    </Image>
    <Image Include="RES\Mage\Poison_02.bmp">
      <Filter>Resouces</Filter>
    </Image>
    <Image Include="RES\Mage\Poison_03.bmp">
      <Filter>Resouces</Filter>
    </Image>
    <Image Include="RES\Mage\Poison_04.bmp">
      <Filter>Resouces</Filter>
    </Image>
    <Image Include="RES\Mage\Poison_05.bmp">
      <Filter>Resouces</Filter>
    </Image>
    <Image Include="RES\Mage\Poison_06.bmp">
      <Filter>Resouces</Filter>
    </Image>
    <Image Include="RES\Mage\Poison_07.bmp">
      <Filter>Resouces</Filter>
    </Image>
    <Image Include="RES\Mage\Poison_08.bmp">
      <Filter>Resouces</Filter>
    </Image>
    <Image Include="RES\Mage\Poison_09.bmp">
      <Filter>Resouces</Filter>
    </Image>
    <Image Include="RES\Mage\Poison_10.bmp">
      <Filter>Resouces</Filter>
    </Image>
    <Image Include="RES\Mage\Poison_11.bmp">
      <Filter>Resouces</Filter>
    </Image>
    <Image Include="RES\Mage\Poison_12.bmp">
      <Filter>Resouces</Filter>
    </Image>
    <Image Include="RES\Mage\Poison_13.bmp">
      <Filter>Resouces</Filter>
    </Image>
    <Image Include="RES\Mage\Poison_14.bmp">
      <Filter>Resouces</Filter>
    </Image>
    <Image Include="RES\Mage\Poison_15.bmp">
      <Filter>Resouces</Filter>
    </Image>
    <Image Include="RES\Mage\Poison_16.bmp">
      <Filter>Resouces</Filter>
    </Image>
    <Image Include="RES\Mage\Poison_17.bmp">
      <Filter>Resouces</Filter>
    </Image>
    <Image Include="RES\Mage\Poison_18.bmp">
      <Filter>Resouces</Filter>
    </Image>
    <Image Include="RES\Mage\Poison_19.bmp">
      <Filter>Resouces</Filter>
    </Image>
    <Image Include="RES\Mage\Poison_20.bmp">
      <Filter>Resouces</Filter>
    </Image>
    <Image Include="RES\info2.bmp">
      <Filter>Resouces</Filter>
    </Image>
    <Image Include="RES\info.bmp">
      <Filter>Resouces</Filter>
    </Image>
    <Image Include="RES\info1.bmp">
      <Filter>Resouces</Filter>
    </Image>
    <Image Include="RES\Boss\boss_stand.bmp">
      <Filter>Resouces</Filter>
    </Image>
    <Image Include="RES\Boss\boss_08.bmp">
      <Filter>Resouces</Filter>
    </Image>
    <Image Include="RES\Boss\boss_01.bmp">
      <Filter>Resouces</Filter>
    </Image>
    <Image Include="RES\Boss\boss_02.bmp">
      <Filter>Resouces</Filter>
    </Image>
    <Image Include="RES\Boss\boss_03.bmp">
      <Filter>Resouces</Filter>
    </Image>
    <Image Include="RES\Boss\boss_04.bmp">
      <Filter>Resouces</Filter>
    </Image>
    <Image Include="RES\Boss\boss_05.bmp">
      <Filter>Resouces</Filter>
    </Image>
    <Image Include="RES\Boss\boss_06.bmp">
      <Filter>Resouces</Filter>
    </Image>
    <Image Include="RES\Boss\boss_07.bmp">
      <Filter>Resouces</Filter>
    </Image>
    <Image Include="RES\Boss\boss_icon.bmp">
      <Filter>Resouces</Filter>
    </Image>
    <Image Include="RES\Skill\heal_01.bmp">
      <Filter>Resouces</Filter>
    </Image>
    <Image Include="RES\Skill\heal_02.bmp">
      <Filter>Resouces</Filter>
    </Image>
    <Image Include="RES\Skill\heal_03.bmp">
      <Filter>Resouces</Filter>
    </Image>
    <Image Include="RES\Skill\heal_04.bmp">
      <Filter>Resouces</Filter>
    </Image>
    <Image Include="RES\Skill\heal_05.bmp">
      <Filter>Resouces</Filter>
    </Image>
    <Image Include="RES\Skill\heal_06.bmp">
      <Filter>Resouces</Filter>
    </Image>
    <Image Include="RES\Skill\heal_07.bmp">
      <Filter>Resouces</Filter>
    </Image>
    <Image Include="RES\Skill\heal_08.bmp">
      <Filter>Resouces</Filter>
    </Image>
    <Image Include="RES\Skill\heal_09.bmp">
      <Filter>Resouces</Filter>
    </Image>
    <Image Include="RES\Mage\Poison_root.bmp">
      <Filter>Resouces</Filter>
    </Image>
  </ItemGroup>
  <ItemGroup>
    <None Include="RES\continue.bmp">
      <Filter>Resouces</Filter>
    </None>
    <None Include="res\game.ico">
      <Filter>Resouces</Filter>
    </None>
    <None Include="RES\gamecurs.cur">
      <Filter>Resouces</Filter>
    </None>
    <None Include="RES\loading.bmp">
      <Filter>Resouces</Filter>
    </None>
    <None Include="res\Toolbar.bmp">
      <Filter>Resouces</Filter>
    </None>
    <None Include="res\game.rc2">
      <Filter>Systems</Filter>
    </None>
    <None Include="res\gameDoc.ico">
      <Filter>Systems</Filter>
    </None>
  </ItemGroup>
  <ItemGroup>
    <Filter Include="MapleStory">
      <UniqueIdentifier>{5e4a679d-577d-4937-b941-782dce164794}</UniqueIdentifier>
    </Filter>
    <Filter Include="Resouces">
      <UniqueIdentifier>{2f59e943-3d93-4c3d-92dc-161730f599aa}</UniqueIdentifier>
    </Filter>
    <Filter Include="Systems">
      <UniqueIdentifier>{f93cc429-ad7e-4e0d-8d37-0c1e89ccd46c}</UniqueIdentifier>
    </Filter>
    <Filter Include="Sounds">
      <UniqueIdentifier>{291bc8af-c1dc-4a38-a2a4-c18e683de1e8}</UniqueIdentifier>
    </Filter>
  </ItemGroup>
  <ItemGroup>
    <ResourceCompile Include="Source\game.rc">
      <Filter>Systems</Filter>
    </ResourceCompile>
  </ItemGroup>
  <ItemGroup>
    <Media Include="Sounds\bgm_menu.mp3">
      <Filter>Sounds</Filter>
    </Media>
    <Media Include="Sounds\bgm_stage1.mp3">
      <Filter>Sounds</Filter>
    </Media>
    <Media Include="Sounds\bgm_boss.mp3">
      <Filter>Sounds</Filter>
    </Media>
    <Media Include="Sounds\bgm_gameover.mp3">
      <Filter>Sounds</Filter>
    </Media>
    <Media Include="Sounds\bgm_stage2.mp3">
      <Filter>Sounds</Filter>
    </Media>
    <Media Include="Sounds\bgm_stage3.mp3">
      <Filter>Sounds</Filter>
    </Media>
    <Media Include="Sounds\bgm_stage4.mp3">
      <Filter>Sounds</Filter>
    </Media>
    <Media Include="Sounds\sfx_attack.mp3">
      <Filter>Sounds</Filter>
    </Media>
    <Media Include="Sounds\sfx_gun.mp3">
      <Filter>Sounds</Filter>
    </Media>
    <Media Include="Sounds\sfx_heal.mp3">
      <Filter>Sounds</Filter>
    </Media>
    <Media Include="Sounds\sfx_hero_hit.mp3">
      <Filter>Sounds</Filter>
    </Media>
    <Media Include="Sounds\sfx_jump.mp3">
      <Filter>Sounds</Filter>
    </Media>
    <Media Include="Sounds\sfx_laser.mp3">
      <Filter>Sounds</Filter>
    </Media>
    <Media Include="Sounds\sfx_levelup.mp3">
      <Filter>Sounds</Filter>
    </Media>
    <Media Include="Sounds\sfx_monster_hit.mp3">
      <Filter>Sounds</Filter>
    </Media>
    <Media Include="Sounds\sfx_slash.mp3">
      <Filter>Sounds</Filter>
    </Media>
  </ItemGroup>
</Project>